Microsoft Visual Studio Solution File, Format Version 12.00
# Visual Studio Version 17
VisualStudioVersion = 17.5.2.0
MinimumVisualStudioVersion = 10.0.40219.1
Project("{2150E333-8FDC-42A3-9474-1A3956D46DE8}") = "WebAPIPractice", "WebAPIPractice", "{FBE6067D-347A-7E9D-C095-5F0FAC6DA6B0}"
EndProject
Project("{FAE04EC0-301F-11D3-BF4B-00C04F79EFBC}") = "api", "WebAPIPractice\api\api.csproj", "{9355728D-D90D-4FAA-98AF-F5F7793E81B2}"
EndProject
Global
	GlobalSection(SolutionConfigurationPlatforms) = preSolution
		Debug|Any CPU = Debug|Any CPU
		Release|Any CPU = Release|Any CPU
	EndGlobalSection
	GlobalSection(ProjectConfigurationPlatforms) = postSolution
		{9355728D-D90D-4FAA-98AF-F5F7793E81B2}.Debug|Any CPU.ActiveCfg = Debug|Any CPU
		{9355728D-D90D-4FAA-98AF-F5F7793E81B2}.Debug|Any CPU.Build.0 = Debug|Any CPU
		{9355728D-D90D-4FAA-98AF-F5F7793E81B2}.Release|Any CPU.ActiveCfg = Release|Any CPU
		{9355728D-D90D-4FAA-98AF-F5F7793E81B2}.Release|Any CPU.Build.0 = Release|Any CPU
	EndGlobalSection
	GlobalSection(SolutionProperties) = preSolution
		HideSolutionNode = FALSE
	EndGlobalSection
	GlobalSection(NestedProjects) = preSolution
		{9355728D-D90D-4FAA-98AF-F5F7793E81B2} = {FBE6067D-347A-7E9D-C095-5F0FAC6DA6B0}
	EndGlobalSection
	GlobalSection(ExtensibilityGlobals) = postSolution
		SolutionGuid = {2CB7FB0A-D10F-4E57-B4C3-68C0E5864532}
	EndGlobalSection
EndGlobal
